// !$*UTF8*$!
{
	archiveVersion = 1;
	classes = {
	};
	objectVersion = 48;
	objects = {

/* Begin PBXBuildFile section */
		FF16E50B22BD5122002A1CD1 /* AppDelegate.swift in Sources */ = {isa = PBXBuildFile; fileRef = FF16E50A22BD5122002A1CD1 /* AppDelegate.swift */; };
		FF16E50D22BD5122002A1CD1 /* ViewController.swift in Sources */ = {isa = PBXBuildFile; fileRef = FF16E50C22BD5122002A1CD1 /* ViewController.swift */; };
		FF16E51022BD5122002A1CD1 /* Main.storyboard in Resources */ = {isa = PBXBuildFile; fileRef = FF16E50E22BD5122002A1CD1 /* Main.storyboard */; };
		FF16E51222BD5122002A1CD1 /* Assets.xcassets in Resources */ = {isa = PBXBuildFile; fileRef = FF16E51122BD5122002A1CD1 /* Assets.xcassets */; };
		FF16E51522BD5122002A1CD1 /* LaunchScreen.storyboard in Resources */ = {isa = PBXBuildFile; fileRef = FF16E51322BD5122002A1CD1 /* LaunchScreen.storyboard */; };
		FF16E52022BD5122002A1CD1 /* DescendingOrderTests.swift in Sources */ = {isa = PBXBuildFile; fileRef = FF16E51F22BD5122002A1CD1 /* DescendingOrderTests.swift */; };
		FF16E52B22BD5122002A1CD1 /* DescendingOrderUITests.swift in Sources */ = {isa = PBXBuildFile; fileRef = FF16E52A22BD5122002A1CD1 /* DescendingOrderUITests.swift */; };
/* End PBXBuildFile section */

/* Begin PBXContainerItemProxy section */
		FF16E51C22BD5122002A1CD1 /* PBXContainerItemProxy */ = {
			isa = PBXContainerItemProxy;
			containerPortal = FF16E4FF22BD5122002A1CD1 /* Project object */;
			proxyType = 1;
			remoteGlobalIDString = FF16E50622BD5122002A1CD1;
			remoteInfo = DescendingOrder;
		};
		FF16E52722BD5122002A1CD1 /* PBXContainerItemProxy */ = {
			isa = PBXContainerItemProxy;
			containerPortal = FF16E4FF22BD5122002A1CD1 /* Project object */;
			proxyType = 1;
			remoteGlobalIDString = FF16E50622BD5122002A1CD1;
			remoteInfo = DescendingOrder;
		};
/* End PBXContainerItemProxy section */

/* Begin PBXFileReference section */
		FF16E50722BD5122002A1CD1 /* DescendingOrder.app */ = {isa = PBXFileReference; explicitFileType = wrapper.application; includeInIndex = 0; path = DescendingOrder.app; sourceTree = BUILT_PRODUCTS_DIR; };
		FF16E50A22BD5122002A1CD1 /* AppDelegate.swift */ = {isa = PBXFileReference; lastKnownFileType = sourcecode.swift; path = AppDelegate.swift; sourceTree = "<group>"; };
		FF16E50C22BD5122002A1CD1 /* ViewController.swift */ = {isa = PBXFileReference; lastKnownFileType = sourcecode.swift; path = ViewController.swift; sourceTree = "<group>"; };
		FF16E50F22BD5122002A1CD1 /* Base */ = {isa = PBXFileReference; lastKnownFileType = file.storyboard; name = Base; path = Base.lproj/Main.storyboard; sourceTree = "<group>"; };
		FF16E51122BD5122002A1CD1 /* Assets.xcassets */ = {isa = PBXFileReference; lastKnownFileType = folder.assetcatalog; path = Assets.xcassets; sourceTree = "<group>"; };
		FF16E51422BD5122002A1CD1 /* Base */ = {isa = PBXFileReference; lastKnownFileType = file.storyboard; name = Base; path = Base.lproj/LaunchScreen.storyboard; sourceTree = "<group>"; };
		FF16E51622BD5122002A1CD1 /* Info.plist */ = {isa = PBXFileReference; lastKnownFileType = text.plist.xml; path = Info.plist; sourceTree = "<group>"; };
		FF16E51B22BD5122002A1CD1 /* DescendingOrderTests.xctest */ = {isa = PBXFileReference; explicitFileType = wrapper.cfbundle; includeInIndex = 0; path = DescendingOrderTests.xctest; sourceTree = BUILT_PRODUCTS_DIR; };
		FF16E51F22BD5122002A1CD1 /* DescendingOrderTests.swift */ = {isa = PBXFileReference; lastKnownFileType = sourcecode.swift; path = DescendingOrderTests.swift; sourceTree = "<group>"; };
		FF16E52122BD5122002A1CD1 /* Info.plist */ = {isa = PBXFileReference; lastKnownFileType = text.plist.xml; path = Info.plist; sourceTree = "<group>"; };
		FF16E52622BD5122002A1CD1 /* DescendingOrderUITests.xctest */ = {isa = PBXFileReference; explicitFileType = wrapper.cfbundle; includeInIndex = 0; path = DescendingOrderUITests.xctest; sourceTree = BUILT_PRODUCTS_DIR; };
		FF16E52A22BD5122002A1CD1 /* DescendingOrderUITests.swift */ = {isa = PBXFileReference; lastKnownFileType = sourcecode.swift; path = DescendingOrderUITests.swift; sourceTree = "<group>"; };
		FF16E52C22BD5122002A1CD1 /* Info.plist */ = {isa = PBXFileReference; lastKnownFileType = text.plist.xml; path = Info.plist; sourceTree = "<group>"; };
/* End PBXFileReference section */

/* Begin PBXFrameworksBuildPhase section */
		FF16E50422BD5122002A1CD1 /* Frameworks */ = {
			isa = PBXFrameworksBuildPhase;
			buildActionMask = 2147483647;
			files = (
			);
			runOnlyForDeploymentPostprocessing = 0;
		};
		FF16E51822BD5122002A1CD1 /* Frameworks */ = {
			isa = PBXFrameworksBuildPhase;
			buildActionMask = 2147483647;
			files = (
			);
			runOnlyForDeploymentPostprocessing = 0;
		};
		FF16E52322BD5122002A1CD1 /* Frameworks */ = {
			isa = PBXFrameworksBuildPhase;
			buildActionMask = 2147483647;
			files = (
			);
			runOnlyForDeploymentPostprocessing = 0;
		};
/* End PBXFrameworksBuildPhase section */

/* Begin PBXGroup section */
		FF16E4FE22BD5122002A1CD1 = {
			isa = PBXGroup;
			children = (
				FF16E50922BD5122002A1CD1 /* DescendingOrder */,
				FF16E51E22BD5122002A1CD1 /* DescendingOrderTests */,
				FF16E52922BD5122002A1CD1 /* DescendingOrderUITests */,
				FF16E50822BD5122002A1CD1 /* Products */,
			);
			sourceTree = "<group>";
		};
		FF16E50822BD5122002A1CD1 /* Products */ = {
			isa = PBXGroup;
			children = (
				FF16E50722BD5122002A1CD1 /* DescendingOrder.app */,
				FF16E51B22BD5122002A1CD1 /* DescendingOrderTests.xctest */,
				FF16E52622BD5122002A1CD1 /* DescendingOrderUITests.xctest */,
			);
			name = Products;
			sourceTree = "<group>";
		};
		FF16E50922BD5122002A1CD1 /* DescendingOrder */ = {
			isa = PBXGroup;
			children = (
				FF16E50A22BD5122002A1CD1 /* AppDelegate.swift */,
				FF16E50C22BD5122002A1CD1 /* ViewController.swift */,
				FF16E50E22BD5122002A1CD1 /* Main.storyboard */,
				FF16E51122BD5122002A1CD1 /* Assets.xcassets */,
				FF16E51322BD5122002A1CD1 /* LaunchScreen.storyboard */,
				FF16E51622BD5122002A1CD1 /* Info.plist */,
			);
			path = DescendingOrder;
			sourceTree = "<group>";
		};
		FF16E51E22BD5122002A1CD1 /* DescendingOrderTests */ = {
			isa = PBXGroup;
			children = (
				FF16E51F22BD5122002A1CD1 /* DescendingOrderTests.swift */,
				FF16E52122BD5122002A1CD1 /* Info.plist */,
			);
			path = DescendingOrderTests;
			sourceTree = "<group>";
		};
		FF16E52922BD5122002A1CD1 /* DescendingOrderUITests */ = {
			isa = PBXGroup;
			children = (
				FF16E52A22BD5122002A1CD1 /* DescendingOrderUITests.swift */,
				FF16E52C22BD5122002A1CD1 /* Info.plist */,
			);
			path = DescendingOrderUITests;
			sourceTree = "<group>";
		};
/* End PBXGroup section */

/* Begin PBXNativeTarget section */
		FF16E50622BD5122002A1CD1 /* DescendingOrder */ = {
			isa = PBXNativeTarget;
			buildConfigurationList = FF16E52F22BD5122002A1CD1 /* Build configuration list for PBXNativeTarget "DescendingOrder" */;
			buildPhases = (
				FF16E50322BD5122002A1CD1 /* Sources */,
				FF16E50422BD5122002A1CD1 /* Frameworks */,
				FF16E50522BD5122002A1CD1 /* Resources */,
			);
			buildRules = (
			);
			dependencies = (
			);
			name = DescendingOrder;
			productName = DescendingOrder;
			productReference = FF16E50722BD5122002A1CD1 /* DescendingOrder.app */;
			productType = "com.apple.product-type.application";
		};
		FF16E51A22BD5122002A1CD1 /* DescendingOrderTests */ = {
			isa = PBXNativeTarget;
			buildConfigurationList = FF16E53222BD5122002A1CD1 /* Build configuration list for PBXNativeTarget "DescendingOrderTests" */;
			buildPhases = (
				FF16E51722BD5122002A1CD1 /* Sources */,
				FF16E51822BD5122002A1CD1 /* Frameworks */,
				FF16E51922BD5122002A1CD1 /* Resources */,
			);
			buildRules = (
			);
			dependencies = (
				FF16E51D22BD5122002A1CD1 /* PBXTargetDependency */,
			);
			name = DescendingOrderTests;
			productName = DescendingOrderTests;
			productReference = FF16E51B22BD5122002A1CD1 /* DescendingOrderTests.xctest */;
			productType = "com.apple.product-type.bundle.unit-test";
		};
		FF16E52522BD5122002A1CD1 /* DescendingOrderUITests */ = {
			isa = PBXNativeTarget;
			buildConfigurationList = FF16E53522BD5122002A1CD1 /* Build configuration list for PBXNativeTarget "DescendingOrderUITests" */;
			buildPhases = (
				FF16E52222BD5122002A1CD1 /* Sources */,
				FF16E52322BD5122002A1CD1 /* Frameworks */,
				FF16E52422BD5122002A1CD1 /* Resources */,
			);
			buildRules = (
			);
			dependencies = (
				FF16E52822BD5122002A1CD1 /* PBXTargetDependency */,
			);
			name = DescendingOrderUITests;
			productName = DescendingOrderUITests;
			productReference = FF16E52622BD5122002A1CD1 /* DescendingOrderUITests.xctest */;
			productType = "com.apple.product-type.bundle.ui-testing";
		};
/* End PBXNativeTarget section */

/* Begin PBXProject section */
		FF16E4FF22BD5122002A1CD1 /* Project object */ = {
			isa = PBXProject;
			attributes = {
				LastSwiftUpdateCheck = 0920;
				LastUpgradeCheck = 0920;
				ORGANIZATIONNAME = "Lucas Lima Noronha";
				TargetAttributes = {
					FF16E50622BD5122002A1CD1 = {
						CreatedOnToolsVersion = 9.2;
						ProvisioningStyle = Automatic;
					};
					FF16E51A22BD5122002A1CD1 = {
						CreatedOnToolsVersion = 9.2;
						ProvisioningStyle = Automatic;
						TestTargetID = FF16E50622BD5122002A1CD1;
					};
					FF16E52522BD5122002A1CD1 = {
						CreatedOnToolsVersion = 9.2;
						ProvisioningStyle = Automatic;
						TestTargetID = FF16E50622BD5122002A1CD1;
					};
				};
			};
			buildConfigurationList = FF16E50222BD5122002A1CD1 /* Build configuration list for PBXProject "DescendingOrder" */;
			compatibilityVersion = "Xcode 8.0";
			developmentRegion = en;
			hasScannedForEncodings = 0;
			knownRegions = (
				en,
				Base,
			);
			mainGroup = FF16E4FE22BD5122002A1CD1;
			productRefGroup = FF16E50822BD5122002A1CD1 /* Products */;
			projectDirPath = "";
			projectRoot = "";
			targets = (
				FF16E50622BD5122002A1CD1 /* DescendingOrder */,
				FF16E51A22BD5122002A1CD1 /* DescendingOrderTests */,
				FF16E52522BD5122002A1CD1 /* DescendingOrderUITests */,
			);
		};
/* End PBXProject section */

/* Begin PBXResourcesBuildPhase section */
		FF16E50522BD5122002A1CD1 /* Resources */ = {
			isa = PBXResourcesBuildPhase;
			buildActionMask = 2147483647;
			files = (
				FF16E51522BD5122002A1CD1 /* LaunchScreen.storyboard in Resources */,
				FF16E51222BD5122002A1CD1 /* Assets.xcassets in Resources */,
				FF16E51022BD5122002A1CD1 /* Main.storyboard in Resources */,
			);
			runOnlyForDeploymentPostprocessing = 0;
		};
		FF16E51922BD5122002A1CD1 /* Resources */ = {
			isa = PBXResourcesBuildPhase;
			buildActionMask = 2147483647;
			files = (
			);
			runOnlyForDeploymentPostprocessing = 0;
		};
		FF16E52422BD5122002A1CD1 /* Resources */ = {
			isa = PBXResourcesBuildPhase;
			buildActionMask = 2147483647;
			files = (
			);
			runOnlyForDeploymentPostprocessing = 0;
		};
/* End PBXResourcesBuildPhase section */

/* Begin PBXSourcesBuildPhase section */
		FF16E50322BD5122002A1CD1 /* Sources */ = {
			isa = PBXSourcesBuildPhase;
			buildActionMask = 2147483647;
			files = (
				FF16E50D22BD5122002A1CD1 /* ViewController.swift in Sources */,
				FF16E50B22BD5122002A1CD1 /* AppDelegate.swift in Sources */,
			);
			runOnlyForDeploymentPostprocessing = 0;
		};
		FF16E51722BD5122002A1CD1 /* Sources */ = {
			isa = PBXSourcesBuildPhase;
			buildActionMask = 2147483647;
			files = (
				FF16E52022BD5122002A1CD1 /* DescendingOrderTests.swift in Sources */,
			);
			runOnlyForDeploymentPostprocessing = 0;
		};
		FF16E52222BD5122002A1CD1 /* Sources */ = {
			isa = PBXSourcesBuildPhase;
			buildActionMask = 2147483647;
			files = (
				FF16E52B22BD5122002A1CD1 /* DescendingOrderUITests.swift in Sources */,
			);
			runOnlyForDeploymentPostprocessing = 0;
		};
/* End PBXSourcesBuildPhase section */

/* Begin PBXTargetDependency section */
		FF16E51D22BD5122002A1CD1 /* PBXTargetDependency */ = {
			isa = PBXTargetDependency;
			target = FF16E50622BD5122002A1CD1 /* DescendingOrder */;
			targetProxy = FF16E51C22BD5122002A1CD1 /* PBXContainerItemProxy */;
		};
		FF16E52822BD5122002A1CD1 /* PBXTargetDependency */ = {
			isa = PBXTargetDependency;
			target = FF16E50622BD5122002A1CD1 /* DescendingOrder */;
			targetProxy = FF16E52722BD5122002A1CD1 /* PBXContainerItemProxy */;
		};
/* End PBXTargetDependency section */

/* Begin PBXVariantGroup section */
		FF16E50E22BD5122002A1CD1 /* Main.storyboard */ = {
			isa = PBXVariantGroup;
			children = (
				FF16E50F22BD5122002A1CD1 /* Base */,
			);
			name = Main.storyboard;
			sourceTree = "<group>";
		};
		FF16E51322BD5122002A1CD1 /* LaunchScreen.storyboard */ = {
			isa = PBXVariantGroup;
			children = (
				FF16E51422BD5122002A1CD1 /* Base */,
			);
			name = LaunchScreen.storyboard;
			sourceTree = "<group>";
		};
/* End PBXVariantGroup section */

/* Begin XCBuildConfiguration section */
		FF16E52D22BD5122002A1CD1 /* Debug */ = {
			isa = XCBuildConfiguration;
			buildSettings = {
				ALWAYS_SEARCH_USER_PATHS = NO;
				CLANG_ANALYZER_NONNULL = YES;
				CLANG_ANALYZER_NUMBER_OBJECT_CONVERSION = YES_AGGRESSIVE;
				CLANG_CXX_LANGUAGE_STANDARD = "gnu++14";
				CLANG_CXX_LIBRARY = "libc++";
				CLANG_ENABLE_MODULES = YES;
				CLANG_ENABLE_OBJC_ARC = YES;
				CLANG_WARN_BLOCK_CAPTURE_AUTORELEASING = YES;
				CLANG_WARN_BOOL_CONVERSION = YES;
				CLANG_WARN_COMMA = YES;
				CLANG_WARN_CONSTANT_CONVERSION = YES;
				CLANG_WARN_DIRECT_OBJC_ISA_USAGE = YES_ERROR;
				CLANG_WARN_DOCUMENTATION_COMMENTS = YES;
				CLANG_WARN_EMPTY_BODY = YES;
				CLANG_WARN_ENUM_CONVERSION = YES;
				CLANG_WARN_INFINITE_RECURSION = YES;
				CLANG_WARN_INT_CONVERSION = YES;
				CLANG_WARN_NON_LITERAL_NULL_CONVERSION = YES;
				CLANG_WARN_OBJC_LITERAL_CONVERSION = YES;
				CLANG_WARN_OBJC_ROOT_CLASS = YES_ERROR;
				CLANG_WARN_RANGE_LOOP_ANALYSIS = YES;
				CLANG_WARN_STRICT_PROTOTYPES = YES;
				CLANG_WARN_SUSPICIOUS_MOVE = YES;
				CLANG_WARN_UNGUARDED_AVAILABILITY = YES_AGGRESSIVE;
				CLANG_WARN_UNREACHABLE_CODE = YES;
				CLANG_WARN__DUPLICATE_METHOD_MATCH = YES;
				CODE_SIGN_IDENTITY = "iPhone Developer";
				COPY_PHASE_STRIP = NO;
				DEBUG_INFORMATION_FORMAT = dwarf;
				ENABLE_STRICT_OBJC_MSGSEND = YES;
				ENABLE_TESTABILITY = YES;
				GCC_C_LANGUAGE_STANDARD = gnu11;
				GCC_DYNAMIC_NO_PIC = NO;
				GCC_NO_COMMON_BLOCKS = YES;
				GCC_OPTIMIZATION_LEVEL = 0;
				GCC_PREPROCESSOR_DEFINITIONS = (
					"DEBUG=1",
					"$(inherited)",
				);
				GCC_WARN_64_TO_32_BIT_CONVERSION = YES;
				GCC_WARN_ABOUT_RETURN_TYPE = YES_ERROR;
				GCC_WARN_UNDECLARED_SELECTOR = YES;
				GCC_WARN_UNINITIALIZED_AUTOS = YES_AGGRESSIVE;
				GCC_WARN_UNUSED_FUNCTION = YES;
				GCC_WARN_UNUSED_VARIABLE = YES;
				IPHONEOS_DEPLOYMENT_TARGET = 11.2;
				MTL_ENABLE_DEBUG_INFO = YES;
				ONLY_ACTIVE_ARCH = YES;
				SDKROOT = iphoneos;
				SWIFT_ACTIVE_COMPILATION_CONDITIONS = DEBUG;
				SWIFT_OPTIMIZATION_LEVEL = "-Onone";
			};
			name = Debug;
		};
		FF16E52E22BD5122002A1CD1 /* Release */ = {
			isa = XCBuildConfiguration;
			buildSettings = {
				ALWAYS_SEARCH_USER_PATHS = NO;
				CLANG_ANALYZER_NONNULL = YES;
				CLANG_ANALYZER_NUMBER_OBJECT_CONVERSION = YES_AGGRESSIVE;
				CLANG_CXX_LANGUAGE_STANDARD = "gnu++14";
				CLANG_CXX_LIBRARY = "libc++";
				CLANG_ENABLE_MODULES = YES;
				CLANG_ENABLE_OBJC_ARC = YES;
				CLANG_WARN_BLOCK_CAPTURE_AUTORELEASING = YES;
				CLANG_WARN_BOOL_CONVERSION = YES;
				CLANG_WARN_COMMA = YES;
				CLANG_WARN_CONSTANT_CONVERSION = YES;
				CLANG_WARN_DIRECT_OBJC_ISA_USAGE = YES_ERROR;
				CLANG_WARN_DOCUMENTATION_COMMENTS = YES;
				CLANG_WARN_EMPTY_BODY = YES;
				CLANG_WARN_ENUM_CONVERSION = YES;
				CLANG_WARN_INFINITE_RECURSION = YES;
				CLANG_WARN_INT_CONVERSION = YES;
				CLANG_WARN_NON_LITERAL_NULL_CONVERSION = YES;
				CLANG_WARN_OBJC_LITERAL_CONVERSION = YES;
				CLANG_WARN_OBJC_ROOT_CLASS = YES_ERROR;
				CLANG_WARN_RANGE_LOOP_ANALYSIS = YES;
				CLANG_WARN_STRICT_PROTOTYPES = YES;
				CLANG_WARN_SUSPICIOUS_MOVE = YES;
				CLANG_WARN_UNGUARDED_AVAILABILITY = YES_AGGRESSIVE;
				CLANG_WARN_UNREACHABLE_CODE = YES;
				CLANG_WARN__DUPLICATE_METHOD_MATCH = YES;
				CODE_SIGN_IDENTITY = "iPhone Developer";
				COPY_PHASE_STRIP = NO;
				DEBUG_INFORMATION_FORMAT = "dwarf-with-dsym";
				ENABLE_NS_ASSERTIONS = NO;
				ENABLE_STRICT_OBJC_MSGSEND = YES;
				GCC_C_LANGUAGE_STANDARD = gnu11;
				GCC_NO_COMMON_BLOCKS = YES;
				GCC_WARN_64_TO_32_BIT_CONVERSION = YES;
				GCC_WARN_ABOUT_RETURN_TYPE = YES_ERROR;
				GCC_WARN_UNDECLARED_SELECTOR = YES;
				GCC_WARN_UNINITIALIZED_AUTOS = YES_AGGRESSIVE;
				GCC_WARN_UNUSED_FUNCTION = YES;
				GCC_WARN_UNUSED_VARIABLE = YES;
				IPHONEOS_DEPLOYMENT_TARGET = 11.2;
				MTL_ENABLE_DEBUG_INFO = NO;
				SDKROOT = iphoneos;
				SWIFT_OPTIMIZATION_LEVEL = "-Owholemodule";
				VALIDATE_PRODUCT = YES;
			};
			name = Release;
		};
		FF16E53022BD5122002A1CD1 /* Debug */ = {
			isa = XCBuildConfiguration;
			buildSettings = {
				ASSETCATALOG_COMPILER_APPICON_NAME = AppIcon;
				CODE_SIGN_STYLE = Automatic;
				INFOPLIST_FILE = DescendingOrder/Info.plist;
				LD_RUNPATH_SEARCH_PATHS = "$(inherited) @executable_path/Frameworks";
				PRODUCT_BUNDLE_IDENTIFIER = descending.order.lln.DescendingOrder;
				PRODUCT_NAME = "$(TARGET_NAME)";
				SWIFT_VERSION = 4.0;
				TARGETED_DEVICE_FAMILY = "1,2";
			};
			name = Debug;
		};
		FF16E53122BD5122002A1CD1 /* Release */ = {
			isa = XCBuildConfiguration;
			buildSettings = {
				ASSETCATALOG_COMPILER_APPICON_NAME = AppIcon;
				CODE_SIGN_STYLE = Automatic;
				INFOPLIST_FILE = DescendingOrder/Info.plist;
				LD_RUNPATH_SEARCH_PATHS = "$(inherited) @executable_path/Frameworks";
				PRODUCT_BUNDLE_IDENTIFIER = descending.order.lln.DescendingOrder;
				PRODUCT_NAME = "$(TARGET_NAME)";
				SWIFT_VERSION = 4.0;
				TARGETED_DEVICE_FAMILY = "1,2";
			};
			name = Release;
		};
		FF16E53322BD5122002A1CD1 /* Debug */ = {
			isa = XCBuildConfiguration;
			buildSettings = {
				ALWAYS_EMBED_SWIFT_STANDARD_LIBRARIES = YES;
				BUNDLE_LOADER = "$(TEST_HOST)";
				CODE_SIGN_STYLE = Automatic;
				INFOPLIST_FILE = DescendingOrderTests/Info.plist;
				LD_RUNPATH_SEARCH_PATHS = "$(inherited) @executable_path/Frameworks @loader_path/Frameworks";
				PRODUCT_BUNDLE_IDENTIFIER = descending.order.lln.DescendingOrderTests;
				PRODUCT_NAME = "$(TARGET_NAME)";
				SWIFT_VERSION = 4.0;
				TARGETED_DEVICE_FAMILY = "1,2";
				TEST_HOST = "$(BUILT_PRODUCTS_DIR)/DescendingOrder.app/DescendingOrder";
			};
			name = Debug;
		};
		FF16E53422BD5122002A1CD1 /* Release */ = {
			isa = XCBuildConfiguration;
			buildSettings = {
				ALWAYS_EMBED_SWIFT_STANDARD_LIBRARIES = YES;
				BUNDLE_LOADER = "$(TEST_HOST)";
				CODE_SIGN_STYLE = Automatic;
				INFOPLIST_FILE = DescendingOrderTests/Info.plist;
				LD_RUNPATH_SEARCH_PATHS = "$(inherited) @executable_path/Frameworks @loader_path/Frameworks";
				PRODUCT_BUNDLE_IDENTIFIER = descending.order.lln.DescendingOrderTests;
				PRODUCT_NAME = "$(TARGET_NAME)";
				SWIFT_VERSION = 4.0;
				TARGETED_DEVICE_FAMILY = "1,2";
				TEST_HOST = "$(BUILT_PRODUCTS_DIR)/DescendingOrder.app/DescendingOrder";
			};
			name = Release;
		};
		FF16E53622BD5122002A1CD1 /* Debug */ = {
			isa = XCBuildConfiguration;
			buildSettings = {
				ALWAYS_EMBED_SWIFT_STANDARD_LIBRARIES = YES;
				CODE_SIGN_STYLE = Automatic;
				INFOPLIST_FILE = DescendingOrderUITests/Info.plist;
				LD_RUNPATH_SEARCH_PATHS = "$(inherited) @executable_path/Frameworks @loader_path/Frameworks";
				PRODUCT_BUNDLE_IDENTIFIER = descending.order.lln.DescendingOrderUITests;
				PRODUCT_NAME = "$(TARGET_NAME)";
				SWIFT_VERSION = 4.0;
				TARGETED_DEVICE_FAMILY = "1,2";
				TEST_TARGET_NAME = DescendingOrder;
			};
			name = Debug;
		};
		FF16E53722BD5122002A1CD1 /* Release */ = {
			isa = XCBuildConfiguration;
			buildSettings = {
				ALWAYS_EMBED_SWIFT_STANDARD_LIBRARIES = YES;
				CODE_SIGN_STYLE = Automatic;
				INFOPLIST_FILE = DescendingOrderUITests/Info.plist;
				LD_RUNPATH_SEARCH_PATHS = "$(inherited) @executable_path/Frameworks @loader_path/Frameworks";
				PRODUCT_BUNDLE_IDENTIFIER = descending.order.lln.DescendingOrderUITests;
				PRODUCT_NAME = "$(TARGET_NAME)";
				SWIFT_VERSION = 4.0;
				TARGETED_DEVICE_FAMILY = "1,2";
				TEST_TARGET_NAME = DescendingOrder;
			};
			name = Release;
		};
/* End XCBuildConfiguration section */

/* Begin XCConfigurationList section */
		FF16E50222BD5122002A1CD1 /* Build configuration list for PBXProject "DescendingOrder" */ = {
			isa = XCConfigurationList;
			buildConfigurations = (
				FF16E52D22BD5122002A1CD1 /* Debug */,
				FF16E52E22BD5122002A1CD1 /* Release */,
			);
			defaultConfigurationIsVisible = 0;
			defaultConfigurationName = Release;
		};
		FF16E52F22BD5122002A1CD1 /* Build configuration list for PBXNativeTarget "DescendingOrder" */ = {
			isa = XCConfigurationList;
			buildConfigurations = (
				FF16E53022BD5122002A1CD1 /* Debug */,
				FF16E53122BD5122002A1CD1 /* Release */,
			);
			defaultConfigurationIsVisible = 0;
			defaultConfigurationName = Release;
		};
		FF16E53222BD5122002A1CD1 /* Build configuration list for PBXNativeTarget "DescendingOrderTests" */ = {
			isa = XCConfigurationList;
			buildConfigurations = (
				FF16E53322BD5122002A1CD1 /* Debug */,
				FF16E53422BD5122002A1CD1 /* Release */,
			);
			defaultConfigurationIsVisible = 0;
			defaultConfigurationName = Release;
		};
		FF16E53522BD5122002A1CD1 /* Build configuration list for PBXNativeTarget "DescendingOrderUITests" */ = {
			isa = XCConfigurationList;
			buildConfigurations = (
				FF16E53622BD5122002A1CD1 /* Debug */,
				FF16E53722BD5122002A1CD1 /* Release */,
			);
			defaultConfigurationIsVisible = 0;
			defaultConfigurationName = Release;
		};
/* End XCConfigurationList section */
	};
	rootObject = FF16E4FF22BD5122002A1CD1 /* Project object */;
}
